
Microsoft Visual Studio Solution File, Format Version 10.00
# Visual Studio 2008
Project("{8BC9CEB8-8B4A-11D0-8D11-00A0C91BC942}") = "Snake HMI", "Snake HMI\Snake HMI.vcproj", "{29C034D1-31B0-41C6-ADD0-113359945121}"
EndProject
Global
	GlobalSection(SolutionConfigurationPlatforms) = preSolution
		Debug|Win32 = Debug|Win32
		Release|Win32 = Release|Win32
	EndGlobalSection
	GlobalSection(ProjectConfigurationPlatforms) = postSolution
		{29C034D1-31B0-41C6-ADD0-113359945121}.Debug|Win32.ActiveCfg = Debug|Win32
		{29C034D1-31B0-41C6-ADD0-113359945121}.Debug|Win32.Build.0 = Debug|Win32
		{29C034D1-31B0-41C6-ADD0-113359945121}.Release|Win32.ActiveCfg = Release|Win32
		{29C034D1-31B0-41C6-ADD0-113359945121}.Release|Win32.Build.0 = Release|Win32
	EndGlobalSection
	GlobalSection(SolutionProperties) = preSolution
		HideSolutionNode = FALSE
	EndGlobalSection
EndGlobal
